
Microsoft Visual Studio Solution File, Format Version 12.00
# Visual Studio 2012
Project("{FAE04EC0-301F-11D3-BF4B-00C04F79EFBC}") = "SpotAPI", "SpotAPI\SpotAPI.csproj", "{0A2A2780-A219-4B76-94B0-EF5164F251F5}"
EndProject
Global
	GlobalSection(SolutionConfigurationPlatforms) = preSolution
		Debug|Any CPU = Debug|Any CPU
		Release|Any CPU = Release|Any CPU
	EndGlobalSection
	GlobalSection(ProjectConfigurationPlatforms) = postSolution
		{0A2A2780-A219-4B76-94B0-EF5164F251F5}.Debug|Any CPU.ActiveCfg = Debug|Any CPU
		{0A2A2780-A219-4B76-94B0-EF5164F251F5}.Debug|Any CPU.Build.0 = Debug|Any CPU
		{0A2A2780-A219-4B76-94B0-EF5164F251F5}.Release|Any CPU.ActiveCfg = Release|Any CPU
		{0A2A2780-A219-4B76-94B0-EF5164F251F5}.Release|Any CPU.Build.0 = Release|Any CPU
	EndGlobalSection
EndGlobal
